
Microsoft Visual Studio Solution File, Format Version 12.00
# Visual Studio 15
VisualStudioVersion = 15.0.26730.12
MinimumVisualStudioVersion = 10.0.40219.1
Project("{FAE04EC0-301F-11D3-BF4B-00C04F79EFBC}") = "Awesome", "Awesome\Awesome.csproj", "{06C3985A-4F9F-4F63-8EA9-8668AF093BA7}"
EndProject
Project("{FAE04EC0-301F-11D3-BF4B-00C04F79EFBC}") = "AwesomeControls", "AwesomeControls\AwesomeControls.csproj", "{08835378-F789-4B5C-AA3B-335B0C7C9DA6}"
EndProject
Project("{2150E333-8FDC-42A3-9474-1A3956D46DE8}") = "Solution Items", "Solution Items", "{BD3D4E3D-AA77-4A49-BF77-B66C3F7416A9}"
	ProjectSection(SolutionItems) = preProject
		paket.dependencies = paket.dependencies
		paket.references = paket.references
	EndProjectSection
EndProject
Global
	GlobalSection(SolutionConfigurationPlatforms) = preSolution
		Debug|Any CPU = Debug|Any CPU
		Release|Any CPU = Release|Any CPU
	EndGlobalSection
	GlobalSection(ProjectConfigurationPlatforms) = postSolution
		{06C3985A-4F9F-4F63-8EA9-8668AF093BA7}.Debug|Any CPU.ActiveCfg = Debug|Any CPU
		{06C3985A-4F9F-4F63-8EA9-8668AF093BA7}.Debug|Any CPU.Build.0 = Debug|Any CPU
		{06C3985A-4F9F-4F63-8EA9-8668AF093BA7}.Release|Any CPU.ActiveCfg = Release|Any CPU
		{06C3985A-4F9F-4F63-8EA9-8668AF093BA7}.Release|Any CPU.Build.0 = Release|Any CPU
		{08835378-F789-4B5C-AA3B-335B0C7C9DA6}.Debug|Any CPU.ActiveCfg = Debug|Any CPU
		{08835378-F789-4B5C-AA3B-335B0C7C9DA6}.Debug|Any CPU.Build.0 = Debug|Any CPU
		{08835378-F789-4B5C-AA3B-335B0C7C9DA6}.Release|Any CPU.ActiveCfg = Release|Any CPU
		{08835378-F789-4B5C-AA3B-335B0C7C9DA6}.Release|Any CPU.Build.0 = Release|Any CPU
	EndGlobalSection
	GlobalSection(SolutionProperties) = preSolution
		HideSolutionNode = FALSE
	EndGlobalSection
	GlobalSection(ExtensibilityGlobals) = postSolution
		SolutionGuid = {8D6C9BCB-C297-43AC-A52D-882C19799622}
	EndGlobalSection
EndGlobal
